
Microsoft Visual Studio Solution File, Format Version 12.00
# Visual Studio Version 16
VisualStudioVersion = 16.0.30523.141
MinimumVisualStudioVersion = 10.0.40219.1
Project("{9A19103F-16F7-4668-BE54-9A1E7A4F7556}") = "Secheli_Stefania_Lab2", "Secheli_Stefania_Lab2.csproj", "{1F902912-3948-48D7-9876-921BC50A26DF}"
EndProject
Project("{9A19103F-16F7-4668-BE54-9A1E7A4F7556}") = "LibraryModel", "..\LibraryModel\LibraryModel.csproj", "{3F2150B5-8514-425F-9EA1-35CBD84EAF9D}"
EndProject
Project("{9A19103F-16F7-4668-BE54-9A1E7A4F7556}") = "LibraryWebAPI", "..\LibraryWebAPI\LibraryWebAPI.csproj", "{7CDED818-2249-4C2D-94B6-A97B67F93776}"
EndProject
Project("{FAE04EC0-301F-11D3-BF4B-00C04F79EFBC}") = "GrpcCustomerService", "..\..\GrpcCustomerService\GrpcCustomerService.csproj", "{595A22B2-B65F-4308-8253-CA7A39874B94}"
EndProject
Global
	GlobalSection(SolutionConfigurationPlatforms) = preSolution
		Debug|Any CPU = Debug|Any CPU
		Release|Any CPU = Release|Any CPU
	EndGlobalSection
	GlobalSection(ProjectConfigurationPlatforms) = postSolution
		{1F902912-3948-48D7-9876-921BC50A26DF}.Debug|Any CPU.ActiveCfg = Debug|Any CPU
		{1F902912-3948-48D7-9876-921BC50A26DF}.Debug|Any CPU.Build.0 = Debug|Any CPU
		{1F902912-3948-48D7-9876-921BC50A26DF}.Release|Any CPU.ActiveCfg = Release|Any CPU
		{1F902912-3948-48D7-9876-921BC50A26DF}.Release|Any CPU.Build.0 = Release|Any CPU
		{3F2150B5-8514-425F-9EA1-35CBD84EAF9D}.Debug|Any CPU.ActiveCfg = Debug|Any CPU
		{3F2150B5-8514-425F-9EA1-35CBD84EAF9D}.Debug|Any CPU.Build.0 = Debug|Any CPU
		{3F2150B5-8514-425F-9EA1-35CBD84EAF9D}.Release|Any CPU.ActiveCfg = Release|Any CPU
		{3F2150B5-8514-425F-9EA1-35CBD84EAF9D}.Release|Any CPU.Build.0 = Release|Any CPU
		{7CDED818-2249-4C2D-94B6-A97B67F93776}.Debug|Any CPU.ActiveCfg = Debug|Any CPU
		{7CDED818-2249-4C2D-94B6-A97B67F93776}.Debug|Any CPU.Build.0 = Debug|Any CPU
		{7CDED818-2249-4C2D-94B6-A97B67F93776}.Release|Any CPU.ActiveCfg = Release|Any CPU
		{7CDED818-2249-4C2D-94B6-A97B67F93776}.Release|Any CPU.Build.0 = Release|Any CPU
		{595A22B2-B65F-4308-8253-CA7A39874B94}.Debug|Any CPU.ActiveCfg = Debug|Any CPU
		{595A22B2-B65F-4308-8253-CA7A39874B94}.Debug|Any CPU.Build.0 = Debug|Any CPU
		{595A22B2-B65F-4308-8253-CA7A39874B94}.Release|Any CPU.ActiveCfg = Release|Any CPU
		{595A22B2-B65F-4308-8253-CA7A39874B94}.Release|Any CPU.Build.0 = Release|Any CPU
	EndGlobalSection
	GlobalSection(SolutionProperties) = preSolution
		HideSolutionNode = FALSE
	EndGlobalSection
	GlobalSection(ExtensibilityGlobals) = postSolution
		SolutionGuid = {A6D88BDA-A40F-4C36-82C3-3434E2CD0396}
	EndGlobalSection
EndGlobal
